// !$*UTF8*$!
{
	archiveVersion = 1;
	classes = {
	};
	objectVersion = 56;
	objects = {

/* Begin PBXBuildFile section */
		86B555D32BDA43850064E9BD /* hms_structuredApp.swift in Sources */ = {isa = PBXBuildFile; fileRef = 86B555D22BDA43850064E9BD /* hms_structuredApp.swift */; };
		86B555D52BDA43850064E9BD /* ContentView.swift in Sources */ = {isa = PBXBuildFile; fileRef = 86B555D42BDA43850064E9BD /* ContentView.swift */; };
		86B555D72BDA43860064E9BD /* Assets.xcassets in Resources */ = {isa = PBXBuildFile; fileRef = 86B555D62BDA43860064E9BD /* Assets.xcassets */; };
		86B555DA2BDA43860064E9BD /* Preview Assets.xcassets in Resources */ = {isa = PBXBuildFile; fileRef = 86B555D92BDA43860064E9BD /* Preview Assets.xcassets */; };
		86B556272BDA48110064E9BD /* AuthenticationViewModel.swift in Sources */ = {isa = PBXBuildFile; fileRef = 86B556262BDA48110064E9BD /* AuthenticationViewModel.swift */; };
		86B556292BDA48BE0064E9BD /* SignupView.swift in Sources */ = {isa = PBXBuildFile; fileRef = 86B556282BDA48BE0064E9BD /* SignupView.swift */; };
		86B5562F2BDA870B0064E9BD /* GoogleService-Info.plist in Resources */ = {isa = PBXBuildFile; fileRef = 86B5562E2BDA870B0064E9BD /* GoogleService-Info.plist */; };
		86B556312BDA8DDF0064E9BD /* LoginView.swift in Sources */ = {isa = PBXBuildFile; fileRef = 86B556302BDA8DDF0064E9BD /* LoginView.swift */; };
		86B556332BDAD7140064E9BD /* Doctors.swift in Sources */ = {isa = PBXBuildFile; fileRef = 86B556322BDAD7140064E9BD /* Doctors.swift */; };
		86B556352BDAD7410064E9BD /* DoctorsViewModel.swift in Sources */ = {isa = PBXBuildFile; fileRef = 86B556342BDAD7410064E9BD /* DoctorsViewModel.swift */; };
		86B556392BDAD7CC0064E9BD /* AppointmentCardView.swift in Sources */ = {isa = PBXBuildFile; fileRef = 86B556382BDAD7CC0064E9BD /* AppointmentCardView.swift */; };
		86B5563C2BDAD81D0064E9BD /* DoctorListView.swift in Sources */ = {isa = PBXBuildFile; fileRef = 86B5563B2BDAD81D0064E9BD /* DoctorListView.swift */; };
		86B5563E2BDAD8350064E9BD /* PatientHomeView.swift in Sources */ = {isa = PBXBuildFile; fileRef = 86B5563D2BDAD8350064E9BD /* PatientHomeView.swift */; };
		86ED4D0E2BDB713200282F0D /* BookAppointmentView.swift in Sources */ = {isa = PBXBuildFile; fileRef = 86ED4D0D2BDB713200282F0D /* BookAppointmentView.swift */; };
		86ED4D102BDB75F400282F0D /* DoctorHomeView.swift in Sources */ = {isa = PBXBuildFile; fileRef = 86ED4D0F2BDB75F400282F0D /* DoctorHomeView.swift */; };
		86ED4D512BDB8A2600282F0D /* DoctorDetails.swift in Sources */ = {isa = PBXBuildFile; fileRef = 86ED4D502BDB8A2600282F0D /* DoctorDetails.swift */; };
		86ED4D542BDBBD4500282F0D /* DateCalenderView.swift in Sources */ = {isa = PBXBuildFile; fileRef = 86ED4D532BDBBD4500282F0D /* DateCalenderView.swift */; };
		86ED4D562BDBC43F00282F0D /* TimeSlotView.swift in Sources */ = {isa = PBXBuildFile; fileRef = 86ED4D552BDBC43F00282F0D /* TimeSlotView.swift */; };
		86ED4D582BDBC86800282F0D /* Patients.swift in Sources */ = {isa = PBXBuildFile; fileRef = 86ED4D572BDBC86800282F0D /* Patients.swift */; };
		86ED4D5A2BDBCE4700282F0D /* Appointments.swift in Sources */ = {isa = PBXBuildFile; fileRef = 86ED4D592BDBCE4700282F0D /* Appointments.swift */; };
		86ED4D5D2BDF718C00282F0D /* URLImage in Frameworks */ = {isa = PBXBuildFile; productRef = 86ED4D5C2BDF718C00282F0D /* URLImage */; };
		86ED4D5F2BDF718C00282F0D /* URLImageStore in Frameworks */ = {isa = PBXBuildFile; productRef = 86ED4D5E2BDF718C00282F0D /* URLImageStore */; };
		86ED4D622BDF723F00282F0D /* SDWebImageSwiftUI in Frameworks */ = {isa = PBXBuildFile; productRef = 86ED4D612BDF723F00282F0D /* SDWebImageSwiftUI */; };
/* End PBXBuildFile section */

/* Begin PBXFileReference section */
		86B555CF2BDA43850064E9BD /* hms-structured.app */ = {isa = PBXFileReference; explicitFileType = wrapper.application; includeInIndex = 0; path = "hms-structured.app"; sourceTree = BUILT_PRODUCTS_DIR; };
		86B555D22BDA43850064E9BD /* hms_structuredApp.swift */ = {isa = PBXFileReference; lastKnownFileType = sourcecode.swift; path = hms_structuredApp.swift; sourceTree = "<group>"; };
		86B555D42BDA43850064E9BD /* ContentView.swift */ = {isa = PBXFileReference; lastKnownFileType = sourcecode.swift; path = ContentView.swift; sourceTree = "<group>"; };
		86B555D62BDA43860064E9BD /* Assets.xcassets */ = {isa = PBXFileReference; lastKnownFileType = folder.assetcatalog; path = Assets.xcassets; sourceTree = "<group>"; };
		86B555D92BDA43860064E9BD /* Preview Assets.xcassets */ = {isa = PBXFileReference; lastKnownFileType = folder.assetcatalog; path = "Preview Assets.xcassets"; sourceTree = "<group>"; };
		86B556262BDA48110064E9BD /* AuthenticationViewModel.swift */ = {isa = PBXFileReference; lastKnownFileType = sourcecode.swift; path = AuthenticationViewModel.swift; sourceTree = "<group>"; };
		86B556282BDA48BE0064E9BD /* SignupView.swift */ = {isa = PBXFileReference; lastKnownFileType = sourcecode.swift; path = SignupView.swift; sourceTree = "<group>"; };
		86B5562E2BDA870B0064E9BD /* GoogleService-Info.plist */ = {isa = PBXFileReference; fileEncoding = 4; lastKnownFileType = text.plist.xml; path = "GoogleService-Info.plist"; sourceTree = "<group>"; };
		86B556302BDA8DDF0064E9BD /* LoginView.swift */ = {isa = PBXFileReference; lastKnownFileType = sourcecode.swift; path = LoginView.swift; sourceTree = "<group>"; };
		86B556322BDAD7140064E9BD /* Doctors.swift */ = {isa = PBXFileReference; lastKnownFileType = sourcecode.swift; path = Doctors.swift; sourceTree = "<group>"; };
		86B556342BDAD7410064E9BD /* DoctorsViewModel.swift */ = {isa = PBXFileReference; lastKnownFileType = sourcecode.swift; path = DoctorsViewModel.swift; sourceTree = "<group>"; };
		86B556382BDAD7CC0064E9BD /* AppointmentCardView.swift */ = {isa = PBXFileReference; lastKnownFileType = sourcecode.swift; path = AppointmentCardView.swift; sourceTree = "<group>"; };
		86B5563B2BDAD81D0064E9BD /* DoctorListView.swift */ = {isa = PBXFileReference; lastKnownFileType = sourcecode.swift; path = DoctorListView.swift; sourceTree = "<group>"; };
		86B5563D2BDAD8350064E9BD /* PatientHomeView.swift */ = {isa = PBXFileReference; lastKnownFileType = sourcecode.swift; path = PatientHomeView.swift; sourceTree = "<group>"; };
		86ED4D0D2BDB713200282F0D /* BookAppointmentView.swift */ = {isa = PBXFileReference; lastKnownFileType = sourcecode.swift; path = BookAppointmentView.swift; sourceTree = "<group>"; };
		86ED4D0F2BDB75F400282F0D /* DoctorHomeView.swift */ = {isa = PBXFileReference; lastKnownFileType = sourcecode.swift; path = DoctorHomeView.swift; sourceTree = "<group>"; };
		86ED4D502BDB8A2600282F0D /* DoctorDetails.swift */ = {isa = PBXFileReference; lastKnownFileType = sourcecode.swift; path = DoctorDetails.swift; sourceTree = "<group>"; };
		86ED4D532BDBBD4500282F0D /* DateCalenderView.swift */ = {isa = PBXFileReference; lastKnownFileType = sourcecode.swift; path = DateCalenderView.swift; sourceTree = "<group>"; };
		86ED4D552BDBC43F00282F0D /* TimeSlotView.swift */ = {isa = PBXFileReference; lastKnownFileType = sourcecode.swift; path = TimeSlotView.swift; sourceTree = "<group>"; };
		86ED4D572BDBC86800282F0D /* Patients.swift */ = {isa = PBXFileReference; lastKnownFileType = sourcecode.swift; path = Patients.swift; sourceTree = "<group>"; };
		86ED4D592BDBCE4700282F0D /* Appointments.swift */ = {isa = PBXFileReference; lastKnownFileType = sourcecode.swift; path = Appointments.swift; sourceTree = "<group>"; };
/* End PBXFileReference section */

/* Begin PBXFrameworksBuildPhase section */
		86B555CC2BDA43850064E9BD /* Frameworks */ = {
			isa = PBXFrameworksBuildPhase;
			buildActionMask = 2147483647;
			files = (
				86ED4D622BDF723F00282F0D /* SDWebImageSwiftUI in Frameworks */,
				86ED4D2D2BDB899300282F0D /* FirebaseDatabase in Frameworks */,
				86ED4D3B2BDB899300282F0D /* FirebaseFunctionsCombine-Community in Frameworks */,
				86ED4D332BDB899300282F0D /* FirebaseFirestore in Frameworks */,
				86ED4D1F2BDB899300282F0D /* FirebaseAnalyticsSwift in Frameworks */,
				86ED4D1B2BDB899300282F0D /* FirebaseAnalytics in Frameworks */,
				86ED4D1D2BDB899300282F0D /* FirebaseAnalyticsOnDeviceConversion in Frameworks */,
				86ED4D432BDB899300282F0D /* FirebaseMLModelDownloader in Frameworks */,
				86ED4D372BDB899300282F0D /* FirebaseFirestoreSwift in Frameworks */,
				86ED4D232BDB899300282F0D /* FirebaseAppCheck in Frameworks */,
				86ED4D212BDB899300282F0D /* FirebaseAnalyticsWithoutAdIdSupport in Frameworks */,
				86ED4D272BDB899300282F0D /* FirebaseAuth in Frameworks */,
				86ED4D2B2BDB899300282F0D /* FirebaseCrashlytics in Frameworks */,
				86ED4D4B2BDB899300282F0D /* FirebaseRemoteConfigSwift in Frameworks */,
				86ED4D3D2BDB899300282F0D /* FirebaseInAppMessaging-Beta in Frameworks */,
				86ED4D2F2BDB899300282F0D /* FirebaseDatabaseSwift in Frameworks */,
				86ED4D392BDB899300282F0D /* FirebaseFunctions in Frameworks */,
				86ED4D4F2BDB899300282F0D /* FirebaseStorageCombine-Community in Frameworks */,
				86ED4D492BDB899300282F0D /* FirebaseRemoteConfig in Frameworks */,
				86ED4D5D2BDF718C00282F0D /* URLImage in Frameworks */,
				86ED4D252BDB899300282F0D /* FirebaseAppDistribution-Beta in Frameworks */,
				86ED4D292BDB899300282F0D /* FirebaseAuthCombine-Community in Frameworks */,
				86ED4D472BDB899300282F0D /* FirebasePerformance in Frameworks */,
				86ED4D5F2BDF718C00282F0D /* URLImageStore in Frameworks */,
				86ED4D3F2BDB899300282F0D /* FirebaseInAppMessagingSwift-Beta in Frameworks */,
				86ED4D4D2BDB899300282F0D /* FirebaseStorage in Frameworks */,
				86ED4D312BDB899300282F0D /* FirebaseDynamicLinks in Frameworks */,
				86ED4D352BDB899300282F0D /* FirebaseFirestoreCombine-Community in Frameworks */,
				86ED4D452BDB899300282F0D /* FirebaseMessaging in Frameworks */,
				86ED4D412BDB899300282F0D /* FirebaseInstallations in Frameworks */,
			);
			runOnlyForDeploymentPostprocessing = 0;
		};
/* End PBXFrameworksBuildPhase section */

/* Begin PBXGroup section */
		86B555C62BDA43850064E9BD = {
			isa = PBXGroup;
			children = (
				86B555D12BDA43850064E9BD /* hms-structured */,
				86B555D02BDA43850064E9BD /* Products */,
			);
			sourceTree = "<group>";
		};
		86B555D02BDA43850064E9BD /* Products */ = {
			isa = PBXGroup;
			children = (
				86B555CF2BDA43850064E9BD /* hms-structured.app */,
			);
			name = Products;
			sourceTree = "<group>";
		};
		86B555D12BDA43850064E9BD /* hms-structured */ = {
			isa = PBXGroup;
			children = (
				86B555E32BDA43D00064E9BD /* Others */,
				86B555E22BDA43C50064E9BD /* Models */,
				86B555E12BDA43B90064E9BD /* ViewModels */,
				86B555E02BDA439C0064E9BD /* Views */,
				86B555D82BDA43860064E9BD /* Preview Content */,
			);
			path = "hms-structured";
			sourceTree = "<group>";
		};
		86B555D82BDA43860064E9BD /* Preview Content */ = {
			isa = PBXGroup;
			children = (
				86B555D92BDA43860064E9BD /* Preview Assets.xcassets */,
			);
			path = "Preview Content";
			sourceTree = "<group>";
		};
		86B555E02BDA439C0064E9BD /* Views */ = {
			isa = PBXGroup;
			children = (
				86ED4D522BDBBD3500282F0D /* Components */,
				86B555D42BDA43850064E9BD /* ContentView.swift */,
				86B555E72BDA44020064E9BD /* Auth */,
				86B555E62BDA43F20064E9BD /* Patient */,
				86B555E52BDA43E00064E9BD /* Doctor */,
				86B555E42BDA43D90064E9BD /* Admin */,
			);
			path = Views;
			sourceTree = "<group>";
		};
		86B555E12BDA43B90064E9BD /* ViewModels */ = {
			isa = PBXGroup;
			children = (
				86B556252BDA47FD0064E9BD /* Auth */,
				86B555EA2BDA44300064E9BD /* Doctor */,
				86B555E92BDA441A0064E9BD /* Patient */,
				86B555E82BDA440A0064E9BD /* Admin */,
			);
			path = ViewModels;
			sourceTree = "<group>";
		};
		86B555E22BDA43C50064E9BD /* Models */ = {
			isa = PBXGroup;
			children = (
				86B556322BDAD7140064E9BD /* Doctors.swift */,
				86ED4D572BDBC86800282F0D /* Patients.swift */,
				86ED4D592BDBCE4700282F0D /* Appointments.swift */,
			);
			path = Models;
			sourceTree = "<group>";
		};
		86B555E32BDA43D00064E9BD /* Others */ = {
			isa = PBXGroup;
			children = (
				86B5562E2BDA870B0064E9BD /* GoogleService-Info.plist */,
				86B555D62BDA43860064E9BD /* Assets.xcassets */,
				86B555D22BDA43850064E9BD /* hms_structuredApp.swift */,
			);
			path = Others;
			sourceTree = "<group>";
		};
		86B555E42BDA43D90064E9BD /* Admin */ = {
			isa = PBXGroup;
			children = (
			);
			path = Admin;
			sourceTree = "<group>";
		};
		86B555E52BDA43E00064E9BD /* Doctor */ = {
			isa = PBXGroup;
			children = (
				86ED4D0F2BDB75F400282F0D /* DoctorHomeView.swift */,
			);
			path = Doctor;
			sourceTree = "<group>";
		};
		86B555E62BDA43F20064E9BD /* Patient */ = {
			isa = PBXGroup;
			children = (
				86ED4D0C2BDB711500282F0D /* Apointment Booking */,
				86B5563A2BDAD7FF0064E9BD /* Home */,
			);
			path = Patient;
			sourceTree = "<group>";
		};
		86B555E72BDA44020064E9BD /* Auth */ = {
			isa = PBXGroup;
			children = (
				86B556282BDA48BE0064E9BD /* SignupView.swift */,
				86B556302BDA8DDF0064E9BD /* LoginView.swift */,
			);
			path = Auth;
			sourceTree = "<group>";
		};
		86B555E82BDA440A0064E9BD /* Admin */ = {
			isa = PBXGroup;
			children = (
			);
			path = Admin;
			sourceTree = "<group>";
		};
		86B555E92BDA441A0064E9BD /* Patient */ = {
			isa = PBXGroup;
			children = (
			);
			path = Patient;
			sourceTree = "<group>";
		};
		86B555EA2BDA44300064E9BD /* Doctor */ = {
			isa = PBXGroup;
			children = (
				86B556342BDAD7410064E9BD /* DoctorsViewModel.swift */,
			);
			path = Doctor;
			sourceTree = "<group>";
		};
		86B556252BDA47FD0064E9BD /* Auth */ = {
			isa = PBXGroup;
			children = (
				86B556262BDA48110064E9BD /* AuthenticationViewModel.swift */,
			);
			path = Auth;
			sourceTree = "<group>";
		};
		86B5563A2BDAD7FF0064E9BD /* Home */ = {
			isa = PBXGroup;
			children = (
				86B556382BDAD7CC0064E9BD /* AppointmentCardView.swift */,
				86B5563B2BDAD81D0064E9BD /* DoctorListView.swift */,
				86B5563D2BDAD8350064E9BD /* PatientHomeView.swift */,
			);
			path = Home;
			sourceTree = "<group>";
		};
		86ED4D0C2BDB711500282F0D /* Apointment Booking */ = {
			isa = PBXGroup;
			children = (
				86ED4D0D2BDB713200282F0D /* BookAppointmentView.swift */,
				86ED4D502BDB8A2600282F0D /* DoctorDetails.swift */,
				86ED4D552BDBC43F00282F0D /* TimeSlotView.swift */,
			);
			path = "Apointment Booking";
			sourceTree = "<group>";
		};
		86ED4D522BDBBD3500282F0D /* Components */ = {
			isa = PBXGroup;
			children = (
				86ED4D532BDBBD4500282F0D /* DateCalenderView.swift */,
			);
			path = Components;
			sourceTree = "<group>";
		};
/* End PBXGroup section */

/* Begin PBXNativeTarget section */
		86B555CE2BDA43850064E9BD /* hms-structured */ = {
			isa = PBXNativeTarget;
			buildConfigurationList = 86B555DD2BDA43860064E9BD /* Build configuration list for PBXNativeTarget "hms-structured" */;
			buildPhases = (
				86B555CB2BDA43850064E9BD /* Sources */,
				86B555CC2BDA43850064E9BD /* Frameworks */,
				86B555CD2BDA43850064E9BD /* Resources */,
			);
			buildRules = (
			);
			dependencies = (
			);
			name = "hms-structured";
			packageProductDependencies = (
				86ED4D1A2BDB899300282F0D /* FirebaseAnalytics */,
				86ED4D1C2BDB899300282F0D /* FirebaseAnalyticsOnDeviceConversion */,
				86ED4D1E2BDB899300282F0D /* FirebaseAnalyticsSwift */,
				86ED4D202BDB899300282F0D /* FirebaseAnalyticsWithoutAdIdSupport */,
				86ED4D222BDB899300282F0D /* FirebaseAppCheck */,
				86ED4D242BDB899300282F0D /* FirebaseAppDistribution-Beta */,
				86ED4D262BDB899300282F0D /* FirebaseAuth */,
				86ED4D282BDB899300282F0D /* FirebaseAuthCombine-Community */,
				86ED4D2A2BDB899300282F0D /* FirebaseCrashlytics */,
				86ED4D2C2BDB899300282F0D /* FirebaseDatabase */,
				86ED4D2E2BDB899300282F0D /* FirebaseDatabaseSwift */,
				86ED4D302BDB899300282F0D /* FirebaseDynamicLinks */,
				86ED4D322BDB899300282F0D /* FirebaseFirestore */,
				86ED4D342BDB899300282F0D /* FirebaseFirestoreCombine-Community */,
				86ED4D362BDB899300282F0D /* FirebaseFirestoreSwift */,
				86ED4D382BDB899300282F0D /* FirebaseFunctions */,
				86ED4D3A2BDB899300282F0D /* FirebaseFunctionsCombine-Community */,
				86ED4D3C2BDB899300282F0D /* FirebaseInAppMessaging-Beta */,
				86ED4D3E2BDB899300282F0D /* FirebaseInAppMessagingSwift-Beta */,
				86ED4D402BDB899300282F0D /* FirebaseInstallations */,
				86ED4D422BDB899300282F0D /* FirebaseMLModelDownloader */,
				86ED4D442BDB899300282F0D /* FirebaseMessaging */,
				86ED4D462BDB899300282F0D /* FirebasePerformance */,
				86ED4D482BDB899300282F0D /* FirebaseRemoteConfig */,
				86ED4D4A2BDB899300282F0D /* FirebaseRemoteConfigSwift */,
				86ED4D4C2BDB899300282F0D /* FirebaseStorage */,
				86ED4D4E2BDB899300282F0D /* FirebaseStorageCombine-Community */,
				86ED4D5C2BDF718C00282F0D /* URLImage */,
				86ED4D5E2BDF718C00282F0D /* URLImageStore */,
				86ED4D612BDF723F00282F0D /* SDWebImageSwiftUI */,
			);
			productName = "hms-structured";
			productReference = 86B555CF2BDA43850064E9BD /* hms-structured.app */;
			productType = "com.apple.product-type.application";
		};
/* End PBXNativeTarget section */

/* Begin PBXProject section */
		86B555C72BDA43850064E9BD /* Project object */ = {
			isa = PBXProject;
			attributes = {
				BuildIndependentTargetsInParallel = 1;
				LastSwiftUpdateCheck = 1530;
				LastUpgradeCheck = 1530;
				TargetAttributes = {
					86B555CE2BDA43850064E9BD = {
						CreatedOnToolsVersion = 15.3;
					};
				};
			};
			buildConfigurationList = 86B555CA2BDA43850064E9BD /* Build configuration list for PBXProject "hms-structured" */;
			compatibilityVersion = "Xcode 14.0";
			developmentRegion = en;
			hasScannedForEncodings = 0;
			knownRegions = (
				en,
				Base,
			);
			mainGroup = 86B555C62BDA43850064E9BD;
			packageReferences = (
				86ED4D192BDB899300282F0D /* XCRemoteSwiftPackageReference "firebase-ios-sdk" */,
				86ED4D5B2BDF718C00282F0D /* XCRemoteSwiftPackageReference "url-image" */,
				86ED4D602BDF723F00282F0D /* XCRemoteSwiftPackageReference "SDWebImageSwiftUI" */,
			);
			productRefGroup = 86B555D02BDA43850064E9BD /* Products */;
			projectDirPath = "";
			projectRoot = "";
			targets = (
				86B555CE2BDA43850064E9BD /* hms-structured */,
			);
		};
/* End PBXProject section */

/* Begin PBXResourcesBuildPhase section */
		86B555CD2BDA43850064E9BD /* Resources */ = {
			isa = PBXResourcesBuildPhase;
			buildActionMask = 2147483647;
			files = (
				86B555DA2BDA43860064E9BD /* Preview Assets.xcassets in Resources */,
				86B555D72BDA43860064E9BD /* Assets.xcassets in Resources */,
				86B5562F2BDA870B0064E9BD /* GoogleService-Info.plist in Resources */,
			);
			runOnlyForDeploymentPostprocessing = 0;
		};
/* End PBXResourcesBuildPhase section */

/* Begin PBXSourcesBuildPhase section */
		86B555CB2BDA43850064E9BD /* Sources */ = {
			isa = PBXSourcesBuildPhase;
			buildActionMask = 2147483647;
			files = (
				86B556272BDA48110064E9BD /* AuthenticationViewModel.swift in Sources */,
				86ED4D582BDBC86800282F0D /* Patients.swift in Sources */,
				86B5563E2BDAD8350064E9BD /* PatientHomeView.swift in Sources */,
				86B556292BDA48BE0064E9BD /* SignupView.swift in Sources */,
				86B555D52BDA43850064E9BD /* ContentView.swift in Sources */,
				86B5563C2BDAD81D0064E9BD /* DoctorListView.swift in Sources */,
				86B556312BDA8DDF0064E9BD /* LoginView.swift in Sources */,
				86ED4D512BDB8A2600282F0D /* DoctorDetails.swift in Sources */,
				86B556332BDAD7140064E9BD /* Doctors.swift in Sources */,
				86B555D32BDA43850064E9BD /* hms_structuredApp.swift in Sources */,
				86B556352BDAD7410064E9BD /* DoctorsViewModel.swift in Sources */,
				86ED4D542BDBBD4500282F0D /* DateCalenderView.swift in Sources */,
				86B556392BDAD7CC0064E9BD /* AppointmentCardView.swift in Sources */,
				86ED4D562BDBC43F00282F0D /* TimeSlotView.swift in Sources */,
				86ED4D102BDB75F400282F0D /* DoctorHomeView.swift in Sources */,
				86ED4D0E2BDB713200282F0D /* BookAppointmentView.swift in Sources */,
				86ED4D5A2BDBCE4700282F0D /* Appointments.swift in Sources */,
			);
			runOnlyForDeploymentPostprocessing = 0;
		};
/* End PBXSourcesBuildPhase section */

/* Begin XCBuildConfiguration section */
		86B555DB2BDA43860064E9BD /* Debug */ = {
			isa = XCBuildConfiguration;
			buildSettings = {
				ALWAYS_SEARCH_USER_PATHS = NO;
				ASSETCATALOG_COMPILER_GENERATE_SWIFT_ASSET_SYMBOL_EXTENSIONS = YES;
				CLANG_ANALYZER_NONNULL = YES;
				CLANG_ANALYZER_NUMBER_OBJECT_CONVERSION = YES_AGGRESSIVE;
				CLANG_CXX_LANGUAGE_STANDARD = "gnu++20";
				CLANG_ENABLE_MODULES = YES;
				CLANG_ENABLE_OBJC_ARC = YES;
				CLANG_ENABLE_OBJC_WEAK = YES;
				CLANG_WARN_BLOCK_CAPTURE_AUTORELEASING = YES;
				CLANG_WARN_BOOL_CONVERSION = YES;
				CLANG_WARN_COMMA = YES;
				CLANG_WARN_CONSTANT_CONVERSION = YES;
				CLANG_WARN_DEPRECATED_OBJC_IMPLEMENTATIONS = YES;
				CLANG_WARN_DIRECT_OBJC_ISA_USAGE = YES_ERROR;
				CLANG_WARN_DOCUMENTATION_COMMENTS = YES;
				CLANG_WARN_EMPTY_BODY = YES;
				CLANG_WARN_ENUM_CONVERSION = YES;
				CLANG_WARN_INFINITE_RECURSION = YES;
				CLANG_WARN_INT_CONVERSION = YES;
				CLANG_WARN_NON_LITERAL_NULL_CONVERSION = YES;
				CLANG_WARN_OBJC_IMPLICIT_RETAIN_SELF = YES;
				CLANG_WARN_OBJC_LITERAL_CONVERSION = YES;
				CLANG_WARN_OBJC_ROOT_CLASS = YES_ERROR;
				CLANG_WARN_QUOTED_INCLUDE_IN_FRAMEWORK_HEADER = YES;
				CLANG_WARN_RANGE_LOOP_ANALYSIS = YES;
				CLANG_WARN_STRICT_PROTOTYPES = YES;
				CLANG_WARN_SUSPICIOUS_MOVE = YES;
				CLANG_WARN_UNGUARDED_AVAILABILITY = YES_AGGRESSIVE;
				CLANG_WARN_UNREACHABLE_CODE = YES;
				CLANG_WARN__DUPLICATE_METHOD_MATCH = YES;
				COPY_PHASE_STRIP = NO;
				DEBUG_INFORMATION_FORMAT = dwarf;
				ENABLE_STRICT_OBJC_MSGSEND = YES;
				ENABLE_TESTABILITY = YES;
				ENABLE_USER_SCRIPT_SANDBOXING = YES;
				GCC_C_LANGUAGE_STANDARD = gnu17;
				GCC_DYNAMIC_NO_PIC = NO;
				GCC_NO_COMMON_BLOCKS = YES;
				GCC_OPTIMIZATION_LEVEL = 0;
				GCC_PREPROCESSOR_DEFINITIONS = (
					"DEBUG=1",
					"$(inherited)",
				);
				GCC_WARN_64_TO_32_BIT_CONVERSION = YES;
				GCC_WARN_ABOUT_RETURN_TYPE = YES_ERROR;
				GCC_WARN_UNDECLARED_SELECTOR = YES;
				GCC_WARN_UNINITIALIZED_AUTOS = YES_AGGRESSIVE;
				GCC_WARN_UNUSED_FUNCTION = YES;
				GCC_WARN_UNUSED_VARIABLE = YES;
				IPHONEOS_DEPLOYMENT_TARGET = 17.4;
				LOCALIZATION_PREFERS_STRING_CATALOGS = YES;
				MTL_ENABLE_DEBUG_INFO = INCLUDE_SOURCE;
				MTL_FAST_MATH = YES;
				ONLY_ACTIVE_ARCH = YES;
				SDKROOT = iphoneos;
				SWIFT_ACTIVE_COMPILATION_CONDITIONS = "DEBUG $(inherited)";
				SWIFT_OPTIMIZATION_LEVEL = "-Onone";
			};
			name = Debug;
		};
		86B555DC2BDA43860064E9BD /* Release */ = {
			isa = XCBuildConfiguration;
			buildSettings = {
				ALWAYS_SEARCH_USER_PATHS = NO;
				ASSETCATALOG_COMPILER_GENERATE_SWIFT_ASSET_SYMBOL_EXTENSIONS = YES;
				CLANG_ANALYZER_NONNULL = YES;
				CLANG_ANALYZER_NUMBER_OBJECT_CONVERSION = YES_AGGRESSIVE;
				CLANG_CXX_LANGUAGE_STANDARD = "gnu++20";
				CLANG_ENABLE_MODULES = YES;
				CLANG_ENABLE_OBJC_ARC = YES;
				CLANG_ENABLE_OBJC_WEAK = YES;
				CLANG_WARN_BLOCK_CAPTURE_AUTORELEASING = YES;
				CLANG_WARN_BOOL_CONVERSION = YES;
				CLANG_WARN_COMMA = YES;
				CLANG_WARN_CONSTANT_CONVERSION = YES;
				CLANG_WARN_DEPRECATED_OBJC_IMPLEMENTATIONS = YES;
				CLANG_WARN_DIRECT_OBJC_ISA_USAGE = YES_ERROR;
				CLANG_WARN_DOCUMENTATION_COMMENTS = YES;
				CLANG_WARN_EMPTY_BODY = YES;
				CLANG_WARN_ENUM_CONVERSION = YES;
				CLANG_WARN_INFINITE_RECURSION = YES;
				CLANG_WARN_INT_CONVERSION = YES;
				CLANG_WARN_NON_LITERAL_NULL_CONVERSION = YES;
				CLANG_WARN_OBJC_IMPLICIT_RETAIN_SELF = YES;
				CLANG_WARN_OBJC_LITERAL_CONVERSION = YES;
				CLANG_WARN_OBJC_ROOT_CLASS = YES_ERROR;
				CLANG_WARN_QUOTED_INCLUDE_IN_FRAMEWORK_HEADER = YES;
				CLANG_WARN_RANGE_LOOP_ANALYSIS = YES;
				CLANG_WARN_STRICT_PROTOTYPES = YES;
				CLANG_WARN_SUSPICIOUS_MOVE = YES;
				CLANG_WARN_UNGUARDED_AVAILABILITY = YES_AGGRESSIVE;
				CLANG_WARN_UNREACHABLE_CODE = YES;
				CLANG_WARN__DUPLICATE_METHOD_MATCH = YES;
				COPY_PHASE_STRIP = NO;
				DEBUG_INFORMATION_FORMAT = "dwarf-with-dsym";
				ENABLE_NS_ASSERTIONS = NO;
				ENABLE_STRICT_OBJC_MSGSEND = YES;
				ENABLE_USER_SCRIPT_SANDBOXING = YES;
				GCC_C_LANGUAGE_STANDARD = gnu17;
				GCC_NO_COMMON_BLOCKS = YES;
				GCC_WARN_64_TO_32_BIT_CONVERSION = YES;
				GCC_WARN_ABOUT_RETURN_TYPE = YES_ERROR;
				GCC_WARN_UNDECLARED_SELECTOR = YES;
				GCC_WARN_UNINITIALIZED_AUTOS = YES_AGGRESSIVE;
				GCC_WARN_UNUSED_FUNCTION = YES;
				GCC_WARN_UNUSED_VARIABLE = YES;
				IPHONEOS_DEPLOYMENT_TARGET = 17.4;
				LOCALIZATION_PREFERS_STRING_CATALOGS = YES;
				MTL_ENABLE_DEBUG_INFO = NO;
				MTL_FAST_MATH = YES;
				SDKROOT = iphoneos;
				SWIFT_COMPILATION_MODE = wholemodule;
				VALIDATE_PRODUCT = YES;
			};
			name = Release;
		};
		86B555DE2BDA43860064E9BD /* Debug */ = {
			isa = XCBuildConfiguration;
			buildSettings = {
				ASSETCATALOG_COMPILER_APPICON_NAME = AppIcon;
				ASSETCATALOG_COMPILER_GLOBAL_ACCENT_COLOR_NAME = AccentColor;
				CODE_SIGN_STYLE = Automatic;
				CURRENT_PROJECT_VERSION = 1;
				DEVELOPMENT_ASSET_PATHS = "\"hms-structured/Preview Content\"";
				ENABLE_PREVIEWS = YES;
				GENERATE_INFOPLIST_FILE = YES;
				INFOPLIST_KEY_UIApplicationSceneManifest_Generation = YES;
				INFOPLIST_KEY_UIApplicationSupportsIndirectInputEvents = YES;
				INFOPLIST_KEY_UILaunchScreen_Generation = YES;
				INFOPLIST_KEY_UISupportedInterfaceOrientations_iPad = "UIInterfaceOrientationPortrait UIInterfaceOrientationPortraitUpsideDown UIInterfaceOrientationLandscapeLeft UIInterfaceOrientationLandscapeRight";
				INFOPLIST_KEY_UISupportedInterfaceOrientations_iPhone = "UIInterfaceOrientationPortrait UIInterfaceOrientationLandscapeLeft UIInterfaceOrientationLandscapeRight";
				LD_RUNPATH_SEARCH_PATHS = (
					"$(inherited)",
					"@executable_path/Frameworks",
				);
				MARKETING_VERSION = 1.0;
				PRODUCT_BUNDLE_IDENTIFIER = "HMS-Team-5.hms-structured";
				PRODUCT_NAME = "$(TARGET_NAME)";
				SWIFT_EMIT_LOC_STRINGS = YES;
				SWIFT_VERSION = 5.0;
				TARGETED_DEVICE_FAMILY = "1,2";
			};
			name = Debug;
		};
		86B555DF2BDA43860064E9BD /* Release */ = {
			isa = XCBuildConfiguration;
			buildSettings = {
				ASSETCATALOG_COMPILER_APPICON_NAME = AppIcon;
				ASSETCATALOG_COMPILER_GLOBAL_ACCENT_COLOR_NAME = AccentColor;
				CODE_SIGN_STYLE = Automatic;
				CURRENT_PROJECT_VERSION = 1;
				DEVELOPMENT_ASSET_PATHS = "\"hms-structured/Preview Content\"";
				ENABLE_PREVIEWS = YES;
				GENERATE_INFOPLIST_FILE = YES;
				INFOPLIST_KEY_UIApplicationSceneManifest_Generation = YES;
				INFOPLIST_KEY_UIApplicationSupportsIndirectInputEvents = YES;
				INFOPLIST_KEY_UILaunchScreen_Generation = YES;
				INFOPLIST_KEY_UISupportedInterfaceOrientations_iPad = "UIInterfaceOrientationPortrait UIInterfaceOrientationPortraitUpsideDown UIInterfaceOrientationLandscapeLeft UIInterfaceOrientationLandscapeRight";
				INFOPLIST_KEY_UISupportedInterfaceOrientations_iPhone = "UIInterfaceOrientationPortrait UIInterfaceOrientationLandscapeLeft UIInterfaceOrientationLandscapeRight";
				LD_RUNPATH_SEARCH_PATHS = (
					"$(inherited)",
					"@executable_path/Frameworks",
				);
				MARKETING_VERSION = 1.0;
				PRODUCT_BUNDLE_IDENTIFIER = "HMS-Team-5.hms-structured";
				PRODUCT_NAME = "$(TARGET_NAME)";
				SWIFT_EMIT_LOC_STRINGS = YES;
				SWIFT_VERSION = 5.0;
				TARGETED_DEVICE_FAMILY = "1,2";
			};
			name = Release;
		};
/* End XCBuildConfiguration section */

/* Begin XCConfigurationList section */
		86B555CA2BDA43850064E9BD /* Build configuration list for PBXProject "hms-structured" */ = {
			isa = XCConfigurationList;
			buildConfigurations = (
				86B555DB2BDA43860064E9BD /* Debug */,
				86B555DC2BDA43860064E9BD /* Release */,
			);
			defaultConfigurationIsVisible = 0;
			defaultConfigurationName = Release;
		};
		86B555DD2BDA43860064E9BD /* Build configuration list for PBXNativeTarget "hms-structured" */ = {
			isa = XCConfigurationList;
			buildConfigurations = (
				86B555DE2BDA43860064E9BD /* Debug */,
				86B555DF2BDA43860064E9BD /* Release */,
			);
			defaultConfigurationIsVisible = 0;
			defaultConfigurationName = Release;
		};
/* End XCConfigurationList section */

/* Begin XCRemoteSwiftPackageReference section */
		8E7731692BDF661D00EE1DA2 /* XCRemoteSwiftPackageReference "firebase-ios-sdk" */ = {
			isa = XCRemoteSwiftPackageReference;
			repositoryURL = "https://github.com/firebase/firebase-ios-sdk";
			requirement = {
				kind = upToNextMajorVersion;
				minimumVersion = 10.24.0;
			};
		};
		86ED4D5B2BDF718C00282F0D /* XCRemoteSwiftPackageReference "url-image" */ = {
			isa = XCRemoteSwiftPackageReference;
			repositoryURL = "https://github.com/dmytro-anokhin/url-image";
			requirement = {
				kind = upToNextMajorVersion;
				minimumVersion = 3.1.1;
			};
		};
		86ED4D602BDF723F00282F0D /* XCRemoteSwiftPackageReference "SDWebImageSwiftUI" */ = {
			isa = XCRemoteSwiftPackageReference;
			repositoryURL = "https://github.com/SDWebImage/SDWebImageSwiftUI.git";
			requirement = {
				kind = upToNextMajorVersion;
				minimumVersion = 3.0.2;
			};
		};
/* End XCRemoteSwiftPackageReference section */

/* Begin XCSwiftPackageProductDependency section */
		8E77316A2BDF661D00EE1DA2 /* FirebaseAnalytics */ = {
			isa = XCSwiftPackageProductDependency;
			package = 8E7731692BDF661D00EE1DA2 /* XCRemoteSwiftPackageReference "firebase-ios-sdk" */;
			productName = FirebaseAnalytics;
		};
		8E77316C2BDF661D00EE1DA2 /* FirebaseAnalyticsOnDeviceConversion */ = {
			isa = XCSwiftPackageProductDependency;
			package = 8E7731692BDF661D00EE1DA2 /* XCRemoteSwiftPackageReference "firebase-ios-sdk" */;
			productName = FirebaseAnalyticsOnDeviceConversion;
		};
		8E77316E2BDF661D00EE1DA2 /* FirebaseAnalyticsSwift */ = {
			isa = XCSwiftPackageProductDependency;
			package = 8E7731692BDF661D00EE1DA2 /* XCRemoteSwiftPackageReference "firebase-ios-sdk" */;
			productName = FirebaseAnalyticsSwift;
		};
		8E7731702BDF661D00EE1DA2 /* FirebaseAnalyticsWithoutAdIdSupport */ = {
			isa = XCSwiftPackageProductDependency;
			package = 8E7731692BDF661D00EE1DA2 /* XCRemoteSwiftPackageReference "firebase-ios-sdk" */;
			productName = FirebaseAnalyticsWithoutAdIdSupport;
		};
		8E7731722BDF661D00EE1DA2 /* FirebaseAppCheck */ = {
			isa = XCSwiftPackageProductDependency;
			package = 8E7731692BDF661D00EE1DA2 /* XCRemoteSwiftPackageReference "firebase-ios-sdk" */;
			productName = FirebaseAppCheck;
		};
		8E7731742BDF661D00EE1DA2 /* FirebaseAppDistribution-Beta */ = {
			isa = XCSwiftPackageProductDependency;
			package = 8E7731692BDF661D00EE1DA2 /* XCRemoteSwiftPackageReference "firebase-ios-sdk" */;
			productName = "FirebaseAppDistribution-Beta";
		};
		8E7731762BDF661D00EE1DA2 /* FirebaseAuth */ = {
			isa = XCSwiftPackageProductDependency;
			package = 8E7731692BDF661D00EE1DA2 /* XCRemoteSwiftPackageReference "firebase-ios-sdk" */;
			productName = FirebaseAuth;
		};
		8E7731782BDF661D00EE1DA2 /* FirebaseAuthCombine-Community */ = {
			isa = XCSwiftPackageProductDependency;
			package = 8E7731692BDF661D00EE1DA2 /* XCRemoteSwiftPackageReference "firebase-ios-sdk" */;
			productName = "FirebaseAuthCombine-Community";
		};
		8E77317A2BDF661D00EE1DA2 /* FirebaseCrashlytics */ = {
			isa = XCSwiftPackageProductDependency;
			package = 8E7731692BDF661D00EE1DA2 /* XCRemoteSwiftPackageReference "firebase-ios-sdk" */;
			productName = FirebaseCrashlytics;
		};
		8E77317C2BDF661D00EE1DA2 /* FirebaseDatabase */ = {
			isa = XCSwiftPackageProductDependency;
			package = 8E7731692BDF661D00EE1DA2 /* XCRemoteSwiftPackageReference "firebase-ios-sdk" */;
			productName = FirebaseDatabase;
		};
		8E77317E2BDF661D00EE1DA2 /* FirebaseDatabaseSwift */ = {
			isa = XCSwiftPackageProductDependency;
			package = 8E7731692BDF661D00EE1DA2 /* XCRemoteSwiftPackageReference "firebase-ios-sdk" */;
			productName = FirebaseDatabaseSwift;
		};
		8E7731802BDF661D00EE1DA2 /* FirebaseDynamicLinks */ = {
			isa = XCSwiftPackageProductDependency;
			package = 8E7731692BDF661D00EE1DA2 /* XCRemoteSwiftPackageReference "firebase-ios-sdk" */;
			productName = FirebaseDynamicLinks;
		};
		8E7731822BDF661D00EE1DA2 /* FirebaseFirestore */ = {
			isa = XCSwiftPackageProductDependency;
			package = 8E7731692BDF661D00EE1DA2 /* XCRemoteSwiftPackageReference "firebase-ios-sdk" */;
			productName = FirebaseFirestore;
		};
		8E7731842BDF661D00EE1DA2 /* FirebaseFirestoreCombine-Community */ = {
			isa = XCSwiftPackageProductDependency;
			package = 8E7731692BDF661D00EE1DA2 /* XCRemoteSwiftPackageReference "firebase-ios-sdk" */;
			productName = "FirebaseFirestoreCombine-Community";
		};
		8E7731862BDF661D00EE1DA2 /* FirebaseFirestoreSwift */ = {
			isa = XCSwiftPackageProductDependency;
			package = 8E7731692BDF661D00EE1DA2 /* XCRemoteSwiftPackageReference "firebase-ios-sdk" */;
			productName = FirebaseFirestoreSwift;
		};
		8E7731882BDF661D00EE1DA2 /* FirebaseFunctions */ = {
			isa = XCSwiftPackageProductDependency;
			package = 8E7731692BDF661D00EE1DA2 /* XCRemoteSwiftPackageReference "firebase-ios-sdk" */;
			productName = FirebaseFunctions;
		};
		8E77318A2BDF661D00EE1DA2 /* FirebaseFunctionsCombine-Community */ = {
			isa = XCSwiftPackageProductDependency;
			package = 8E7731692BDF661D00EE1DA2 /* XCRemoteSwiftPackageReference "firebase-ios-sdk" */;
			productName = "FirebaseFunctionsCombine-Community";
		};
		8E77318C2BDF661D00EE1DA2 /* FirebaseInAppMessaging-Beta */ = {
			isa = XCSwiftPackageProductDependency;
			package = 8E7731692BDF661D00EE1DA2 /* XCRemoteSwiftPackageReference "firebase-ios-sdk" */;
			productName = "FirebaseInAppMessaging-Beta";
		};
		8E77318E2BDF661D00EE1DA2 /* FirebaseInAppMessagingSwift-Beta */ = {
			isa = XCSwiftPackageProductDependency;
			package = 8E7731692BDF661D00EE1DA2 /* XCRemoteSwiftPackageReference "firebase-ios-sdk" */;
			productName = "FirebaseInAppMessagingSwift-Beta";
		};
		8E7731902BDF661D00EE1DA2 /* FirebaseInstallations */ = {
			isa = XCSwiftPackageProductDependency;
			package = 8E7731692BDF661D00EE1DA2 /* XCRemoteSwiftPackageReference "firebase-ios-sdk" */;
			productName = FirebaseInstallations;
		};
		8E7731922BDF661D00EE1DA2 /* FirebaseMLModelDownloader */ = {
			isa = XCSwiftPackageProductDependency;
			package = 8E7731692BDF661D00EE1DA2 /* XCRemoteSwiftPackageReference "firebase-ios-sdk" */;
			productName = FirebaseMLModelDownloader;
		};
		8E7731942BDF661D00EE1DA2 /* FirebaseMessaging */ = {
			isa = XCSwiftPackageProductDependency;
			package = 8E7731692BDF661D00EE1DA2 /* XCRemoteSwiftPackageReference "firebase-ios-sdk" */;
			productName = FirebaseMessaging;
		};
		8E7731962BDF661D00EE1DA2 /* FirebasePerformance */ = {
			isa = XCSwiftPackageProductDependency;
			package = 8E7731692BDF661D00EE1DA2 /* XCRemoteSwiftPackageReference "firebase-ios-sdk" */;
			productName = FirebasePerformance;
		};
		8E7731982BDF661D00EE1DA2 /* FirebaseRemoteConfig */ = {
			isa = XCSwiftPackageProductDependency;
			package = 8E7731692BDF661D00EE1DA2 /* XCRemoteSwiftPackageReference "firebase-ios-sdk" */;
			productName = FirebaseRemoteConfig;
		};
		8E77319A2BDF661D00EE1DA2 /* FirebaseRemoteConfigSwift */ = {
			isa = XCSwiftPackageProductDependency;
			package = 8E7731692BDF661D00EE1DA2 /* XCRemoteSwiftPackageReference "firebase-ios-sdk" */;
			productName = FirebaseRemoteConfigSwift;
		};
		8E77319C2BDF661D00EE1DA2 /* FirebaseStorage */ = {
			isa = XCSwiftPackageProductDependency;
			package = 8E7731692BDF661D00EE1DA2 /* XCRemoteSwiftPackageReference "firebase-ios-sdk" */;
			productName = FirebaseStorage;
		};
		8E77319E2BDF661D00EE1DA2 /* FirebaseStorageCombine-Community */ = {
			isa = XCSwiftPackageProductDependency;
			package = 8E7731692BDF661D00EE1DA2 /* XCRemoteSwiftPackageReference "firebase-ios-sdk" */;
			productName = "FirebaseStorageCombine-Community";
		};
		86ED4D5C2BDF718C00282F0D /* URLImage */ = {
			isa = XCSwiftPackageProductDependency;
			package = 86ED4D5B2BDF718C00282F0D /* XCRemoteSwiftPackageReference "url-image" */;
			productName = URLImage;
		};
		86ED4D5E2BDF718C00282F0D /* URLImageStore */ = {
			isa = XCSwiftPackageProductDependency;
			package = 86ED4D5B2BDF718C00282F0D /* XCRemoteSwiftPackageReference "url-image" */;
			productName = URLImageStore;
		};
		86ED4D612BDF723F00282F0D /* SDWebImageSwiftUI */ = {
			isa = XCSwiftPackageProductDependency;
			package = 86ED4D602BDF723F00282F0D /* XCRemoteSwiftPackageReference "SDWebImageSwiftUI" */;
			productName = SDWebImageSwiftUI;
		};
/* End XCSwiftPackageProductDependency section */
	};
	rootObject = 86B555C72BDA43850064E9BD /* Project object */;
}
